GEM
  remote: https://rubygems.org/
  specs:
    Ascii85 (2.0.1)
    afm (0.2.2)
    bigdecimal (3.2.3)
    hashery (2.1.2)
    mini_portile2 (2.8.2)
    nokogiri (1.18.9)
      mini_portile2 (~> 2.8.2)
      racc (~> 1.4)
    observer (0.1.2)
    pdf-reader (2.15.0)
      Ascii85 (>= 1.0, < 3.0, != 2.0.0)
      afm (>= 0.2.1, < 2)
      hashery (~> 2.0)
      ruby-rc4
      ttfunk
    pdfbeads (1.1.4)
      nokogiri (>= 1.5.10)
      pdf-reader (>= 1.0.0)
      rmagick (>= 3.2.0)
    pkg-config (1.6.4)
    racc (1.8.1)
    rmagick (6.1.4)
      observer (~> 0.1)
      pkg-config (~> 1.4)
    ruby-rc4 (0.1.5)
    ttfunk (1.8.0)
      bigdecimal (~> 3.1)

PLATFORMS
  aarch64-linux
  arm-linux
  arm64-darwin
  x86-linux
  x86_64-darwin
  x86_64-linux

DEPENDENCIES
  pdfbeads

BUNDLED WITH
   2.6.6
